
Microsoft Visual Studio Solution File, Format Version 12.00
# Visual Studio Version 16
VisualStudioVersion = 16.0.30330.147
MinimumVisualStudioVersion = 10.0.40219.1
Project("{FAE04EC0-301F-11D3-BF4B-00C04F79EFBC}") = "SortedList", "SortedList\SortedList.csproj", "{903CFD6A-8047-4BC5-9183-0FF10A80120D}"
EndProject
Global
	GlobalSection(SolutionConfigurationPlatforms) = preSolution
		Debug|Any CPU = Debug|Any CPU
		Release|Any CPU = Release|Any CPU
	EndGlobalSection
	GlobalSection(ProjectConfigurationPlatforms) = postSolution
		{903CFD6A-8047-4BC5-9183-0FF10A80120D}.Debug|Any CPU.ActiveCfg = Debug|Any CPU
		{903CFD6A-8047-4BC5-9183-0FF10A80120D}.Debug|Any CPU.Build.0 = Debug|Any CPU
		{903CFD6A-8047-4BC5-9183-0FF10A80120D}.Release|Any CPU.ActiveCfg = Release|Any CPU
		{903CFD6A-8047-4BC5-9183-0FF10A80120D}.Release|Any CPU.Build.0 = Release|Any CPU
	EndGlobalSection
	GlobalSection(SolutionProperties) = preSolution
		HideSolutionNode = FALSE
	EndGlobalSection
	GlobalSection(ExtensibilityGlobals) = postSolution
		SolutionGuid = {940808E8-BB34-4BC0-9658-AA99E321E535}
	EndGlobalSection
EndGlobal
