
Microsoft Visual Studio Solution File, Format Version 12.00
# Visual Studio Version 16
VisualStudioVersion = 16.0.30330.147
MinimumVisualStudioVersion = 10.0.40219.1
Project("{FAE04EC0-301F-11D3-BF4B-00C04F79EFBC}") = "JaggedArrays", "JaggedArrays\JaggedArrays.csproj", "{A11B01EA-1D71-48B0-9B98-F1347A5FD9B4}"
EndProject
Global
	GlobalSection(SolutionConfigurationPlatforms) = preSolution
		Debug|Any CPU = Debug|Any CPU
		Release|Any CPU = Release|Any CPU
	EndGlobalSection
	GlobalSection(ProjectConfigurationPlatforms) = postSolution
		{A11B01EA-1D71-48B0-9B98-F1347A5FD9B4}.Debug|Any CPU.ActiveCfg = Debug|Any CPU
		{A11B01EA-1D71-48B0-9B98-F1347A5FD9B4}.Debug|Any CPU.Build.0 = Debug|Any CPU
		{A11B01EA-1D71-48B0-9B98-F1347A5FD9B4}.Release|Any CPU.ActiveCfg = Release|Any CPU
		{A11B01EA-1D71-48B0-9B98-F1347A5FD9B4}.Release|Any CPU.Build.0 = Release|Any CPU
	EndGlobalSection
	GlobalSection(SolutionProperties) = preSolution
		HideSolutionNode = FALSE
	EndGlobalSection
	GlobalSection(ExtensibilityGlobals) = postSolution
		SolutionGuid = {C732BE23-6BDE-4D7B-AED1-599AFA1A1345}
	EndGlobalSection
EndGlobal
