
Microsoft Visual Studio Solution File, Format Version 12.00
# Visual Studio Version 16
VisualStudioVersion = 16.0.30330.147
MinimumVisualStudioVersion = 10.0.40219.1
Project("{FAE04EC0-301F-11D3-BF4B-00C04F79EFBC}") = "Covariancia", "Covariancia\Covariancia.csproj", "{54EF4327-0162-4D8F-8A85-E753A110F6A5}"
EndProject
Global
	GlobalSection(SolutionConfigurationPlatforms) = preSolution
		Debug|Any CPU = Debug|Any CPU
		Release|Any CPU = Release|Any CPU
	EndGlobalSection
	GlobalSection(ProjectConfigurationPlatforms) = postSolution
		{54EF4327-0162-4D8F-8A85-E753A110F6A5}.Debug|Any CPU.ActiveCfg = Debug|Any CPU
		{54EF4327-0162-4D8F-8A85-E753A110F6A5}.Debug|Any CPU.Build.0 = Debug|Any CPU
		{54EF4327-0162-4D8F-8A85-E753A110F6A5}.Release|Any CPU.ActiveCfg = Release|Any CPU
		{54EF4327-0162-4D8F-8A85-E753A110F6A5}.Release|Any CPU.Build.0 = Release|Any CPU
	EndGlobalSection
	GlobalSection(SolutionProperties) = preSolution
		HideSolutionNode = FALSE
	EndGlobalSection
	GlobalSection(ExtensibilityGlobals) = postSolution
		SolutionGuid = {4CEB7B86-91C8-4BA8-AAD8-C3D1F4D2C1F6}
	EndGlobalSection
EndGlobal
